
Microsoft Visual Studio Solution File, Format Version 12.00
# Visual Studio 15
VisualStudioVersion = 15.0.26730.12
MinimumVisualStudioVersion = 10.0.40219.1
Project("{FAE04EC0-301F-11D3-BF4B-00C04F79EFBC}") = "StoreManagement", "StoreManagement\StoreManagement.csproj", "{A694165D-10E1-48E0-9A59-32CB957D0DED}"
EndProject
Project("{FAE04EC0-301F-11D3-BF4B-00C04F79EFBC}") = "StoreManagement.Tests", "StoreManagement.Tests\StoreManagement.Tests.csproj", "{4A5897A7-CBB5-4836-9078-E6FDA1BFDF2E}"
EndProject
Project("{FAE04EC0-301F-11D3-BF4B-00C04F79EFBC}") = "StoreManagement.Dal", "StoreManagement.Dal\StoreManagement.Dal.csproj", "{162E13F2-7182-45E0-A9C3-365379B00D90}"
EndProject
Project("{FAE04EC0-301F-11D3-BF4B-00C04F79EFBC}") = "StoreManagement.Models", "StoreManagement.Models\StoreManagement.Models.csproj", "{BE821890-22BE-4931-8F2C-FD9EA6ED3BFC}"
EndProject
Project("{FAE04EC0-301F-11D3-BF4B-00C04F79EFBC}") = "StoreManagement.SPA", "StoreManagement.SPA\StoreManagement.SPA.csproj", "{18D03DAF-43A8-4FD4-A7E8-D304326B8EE0}"
EndProject
Project("{2150E333-8FDC-42A3-9474-1A3956D46DE8}") = "DesignPatterns", "DesignPatterns", "{12E23A45-B5C4-4010-AC09-FB3DFAB43DA1}"
EndProject
Project("{2150E333-8FDC-42A3-9474-1A3956D46DE8}") = "Refactoring", "Refactoring", "{F8B213B9-AF9F-4F36-9118-42C5C740521F}"
EndProject
Project("{FAE04EC0-301F-11D3-BF4B-00C04F79EFBC}") = "BadCodeSmells", "Refactoring\BadCodeSmells\BadCodeSmells.csproj", "{2147B6EB-52E2-4CE1-A617-E233E8FBF235}"
EndProject
Project("{FAE04EC0-301F-11D3-BF4B-00C04F79EFBC}") = "BuilderPattern", "DesignPatterns\BuilderPattern\BuilderPattern.csproj", "{54F74A37-318C-4E39-B27C-0EE4EBE7AFA8}"
EndProject
Project("{FAE04EC0-301F-11D3-BF4B-00C04F79EFBC}") = "ChainResponsibilityPattern", "DesignPatterns\ChainResponsibilityPattern\ChainResponsibilityPattern.csproj", "{0DFE99D9-FD5B-4D46-A46E-7FC65DC65B4B}"
EndProject
Project("{FAE04EC0-301F-11D3-BF4B-00C04F79EFBC}") = "CommandPatern", "DesignPatterns\CommandPatern\CommandPatern.csproj", "{2D5C7C68-CC28-4F3A-946C-414656CEC847}"
EndProject
Project("{FAE04EC0-301F-11D3-BF4B-00C04F79EFBC}") = "FacadePattern", "DesignPatterns\FacadePattern\FacadePattern.csproj", "{B5141002-2122-4359-B1FB-3AB8CF24B5A3}"
EndProject
Project("{FAE04EC0-301F-11D3-BF4B-00C04F79EFBC}") = "ObjectPool", "DesignPatterns\ObjectPool\ObjectPool.csproj", "{07E21858-81BA-4B79-8AC5-13F4D18A53B6}"
EndProject
Project("{FAE04EC0-301F-11D3-BF4B-00C04F79EFBC}") = "ProxyPattern", "DesignPatterns\ProxyPattern\ProxyPattern.csproj", "{4598B3E1-FA3F-4BE7-B28A-5997A91EC5AD}"
EndProject
Project("{FAE04EC0-301F-11D3-BF4B-00C04F79EFBC}") = "ServiceLocatorPattern", "DesignPatterns\ServiceLocatorPattern\ServiceLocatorPattern.csproj", "{26369D8C-A39B-4CE0-8BC6-F2EE5DEC2B5D}"
EndProject
Project("{FAE04EC0-301F-11D3-BF4B-00C04F79EFBC}") = "StatePattern", "DesignPatterns\StatePattern\StatePattern.csproj", "{4D141F1C-5298-47BE-A108-2A01EDE08D8B}"
EndProject
Project("{FAE04EC0-301F-11D3-BF4B-00C04F79EFBC}") = "BridgePattern", "DesignPatterns\BridgePattern\BridgePattern.csproj", "{F84713D2-7698-48E2-A29B-E61D6C5737ED}"
EndProject
Project("{FAE04EC0-301F-11D3-BF4B-00C04F79EFBC}") = "AbstractFactory", "DesignPatterns\AbstractFactory\AbstractFactory.csproj", "{073B0AA4-1E4B-4C2F-A833-748AEF74B7EB}"
EndProject
Project("{FAE04EC0-301F-11D3-BF4B-00C04F79EFBC}") = "Adapter", "DesignPatterns\Adapter\Adapter.csproj", "{32BE5EB4-AEBA-41B2-AB29-1B7501AAC72B}"
EndProject
Project("{FAE04EC0-301F-11D3-BF4B-00C04F79EFBC}") = "Decorator", "DesignPatterns\Decorator\Decorator.csproj", "{053FB82E-F13B-49DB-83D7-20CFC084488A}"
EndProject
Project("{FAE04EC0-301F-11D3-BF4B-00C04F79EFBC}") = "Prototype", "DesignPatterns\Prototype\Prototype.csproj", "{394BB11E-0296-4582-9CE4-335A846BB45C}"
EndProject
Project("{FAE04EC0-301F-11D3-BF4B-00C04F79EFBC}") = "Strategy", "DesignPatterns\Strategy\Strategy.csproj", "{B469E9FA-E2A1-4B3C-B0E7-DF8F5B7FEFFB}"
EndProject
Project("{FAE04EC0-301F-11D3-BF4B-00C04F79EFBC}") = "TemplateMethod", "DesignPatterns\TemplateMethod\TemplateMethod.csproj", "{954F149A-AC40-435B-BB74-3988443A93DE}"
EndProject
Global
	GlobalSection(SolutionConfigurationPlatforms) = preSolution
		Debug|Any CPU = Debug|Any CPU
		Release|Any CPU = Release|Any CPU
	EndGlobalSection
	GlobalSection(ProjectConfigurationPlatforms) = postSolution
		{A694165D-10E1-48E0-9A59-32CB957D0DED}.Debug|Any CPU.ActiveCfg = Debug|Any CPU
		{A694165D-10E1-48E0-9A59-32CB957D0DED}.Debug|Any CPU.Build.0 = Debug|Any CPU
		{A694165D-10E1-48E0-9A59-32CB957D0DED}.Release|Any CPU.ActiveCfg = Release|Any CPU
		{A694165D-10E1-48E0-9A59-32CB957D0DED}.Release|Any CPU.Build.0 = Release|Any CPU
		{4A5897A7-CBB5-4836-9078-E6FDA1BFDF2E}.Debug|Any CPU.ActiveCfg = Debug|Any CPU
		{4A5897A7-CBB5-4836-9078-E6FDA1BFDF2E}.Debug|Any CPU.Build.0 = Debug|Any CPU
		{4A5897A7-CBB5-4836-9078-E6FDA1BFDF2E}.Release|Any CPU.ActiveCfg = Release|Any CPU
		{4A5897A7-CBB5-4836-9078-E6FDA1BFDF2E}.Release|Any CPU.Build.0 = Release|Any CPU
		{162E13F2-7182-45E0-A9C3-365379B00D90}.Debug|Any CPU.ActiveCfg = Debug|Any CPU
		{162E13F2-7182-45E0-A9C3-365379B00D90}.Debug|Any CPU.Build.0 = Debug|Any CPU
		{162E13F2-7182-45E0-A9C3-365379B00D90}.Release|Any CPU.ActiveCfg = Release|Any CPU
		{162E13F2-7182-45E0-A9C3-365379B00D90}.Release|Any CPU.Build.0 = Release|Any CPU
		{BE821890-22BE-4931-8F2C-FD9EA6ED3BFC}.Debug|Any CPU.ActiveCfg = Debug|Any CPU
		{BE821890-22BE-4931-8F2C-FD9EA6ED3BFC}.Debug|Any CPU.Build.0 = Debug|Any CPU
		{BE821890-22BE-4931-8F2C-FD9EA6ED3BFC}.Release|Any CPU.ActiveCfg = Release|Any CPU
		{BE821890-22BE-4931-8F2C-FD9EA6ED3BFC}.Release|Any CPU.Build.0 = Release|Any CPU
		{18D03DAF-43A8-4FD4-A7E8-D304326B8EE0}.Debug|Any CPU.ActiveCfg = Debug|Any CPU
		{18D03DAF-43A8-4FD4-A7E8-D304326B8EE0}.Debug|Any CPU.Build.0 = Debug|Any CPU
		{18D03DAF-43A8-4FD4-A7E8-D304326B8EE0}.Release|Any CPU.ActiveCfg = Release|Any CPU
		{18D03DAF-43A8-4FD4-A7E8-D304326B8EE0}.Release|Any CPU.Build.0 = Release|Any CPU
		{2147B6EB-52E2-4CE1-A617-E233E8FBF235}.Debug|Any CPU.ActiveCfg = Debug|Any CPU
		{2147B6EB-52E2-4CE1-A617-E233E8FBF235}.Debug|Any CPU.Build.0 = Debug|Any CPU
		{2147B6EB-52E2-4CE1-A617-E233E8FBF235}.Release|Any CPU.ActiveCfg = Release|Any CPU
		{2147B6EB-52E2-4CE1-A617-E233E8FBF235}.Release|Any CPU.Build.0 = Release|Any CPU
		{54F74A37-318C-4E39-B27C-0EE4EBE7AFA8}.Debug|Any CPU.ActiveCfg = Debug|Any CPU
		{54F74A37-318C-4E39-B27C-0EE4EBE7AFA8}.Debug|Any CPU.Build.0 = Debug|Any CPU
		{54F74A37-318C-4E39-B27C-0EE4EBE7AFA8}.Release|Any CPU.ActiveCfg = Release|Any CPU
		{54F74A37-318C-4E39-B27C-0EE4EBE7AFA8}.Release|Any CPU.Build.0 = Release|Any CPU
		{0DFE99D9-FD5B-4D46-A46E-7FC65DC65B4B}.Debug|Any CPU.ActiveCfg = Debug|Any CPU
		{0DFE99D9-FD5B-4D46-A46E-7FC65DC65B4B}.Debug|Any CPU.Build.0 = Debug|Any CPU
		{0DFE99D9-FD5B-4D46-A46E-7FC65DC65B4B}.Release|Any CPU.ActiveCfg = Release|Any CPU
		{0DFE99D9-FD5B-4D46-A46E-7FC65DC65B4B}.Release|Any CPU.Build.0 = Release|Any CPU
		{2D5C7C68-CC28-4F3A-946C-414656CEC847}.Debug|Any CPU.ActiveCfg = Debug|Any CPU
		{2D5C7C68-CC28-4F3A-946C-414656CEC847}.Debug|Any CPU.Build.0 = Debug|Any CPU
		{2D5C7C68-CC28-4F3A-946C-414656CEC847}.Release|Any CPU.ActiveCfg = Release|Any CPU
		{2D5C7C68-CC28-4F3A-946C-414656CEC847}.Release|Any CPU.Build.0 = Release|Any CPU
		{B5141002-2122-4359-B1FB-3AB8CF24B5A3}.Debug|Any CPU.ActiveCfg = Debug|Any CPU
		{B5141002-2122-4359-B1FB-3AB8CF24B5A3}.Debug|Any CPU.Build.0 = Debug|Any CPU
		{B5141002-2122-4359-B1FB-3AB8CF24B5A3}.Release|Any CPU.ActiveCfg = Release|Any CPU
		{B5141002-2122-4359-B1FB-3AB8CF24B5A3}.Release|Any CPU.Build.0 = Release|Any CPU
		{07E21858-81BA-4B79-8AC5-13F4D18A53B6}.Debug|Any CPU.ActiveCfg = Debug|Any CPU
		{07E21858-81BA-4B79-8AC5-13F4D18A53B6}.Debug|Any CPU.Build.0 = Debug|Any CPU
		{07E21858-81BA-4B79-8AC5-13F4D18A53B6}.Release|Any CPU.ActiveCfg = Release|Any CPU
		{07E21858-81BA-4B79-8AC5-13F4D18A53B6}.Release|Any CPU.Build.0 = Release|Any CPU
		{4598B3E1-FA3F-4BE7-B28A-5997A91EC5AD}.Debug|Any CPU.ActiveCfg = Debug|Any CPU
		{4598B3E1-FA3F-4BE7-B28A-5997A91EC5AD}.Debug|Any CPU.Build.0 = Debug|Any CPU
		{4598B3E1-FA3F-4BE7-B28A-5997A91EC5AD}.Release|Any CPU.ActiveCfg = Release|Any CPU
		{4598B3E1-FA3F-4BE7-B28A-5997A91EC5AD}.Release|Any CPU.Build.0 = Release|Any CPU
		{26369D8C-A39B-4CE0-8BC6-F2EE5DEC2B5D}.Debug|Any CPU.ActiveCfg = Debug|Any CPU
		{26369D8C-A39B-4CE0-8BC6-F2EE5DEC2B5D}.Debug|Any CPU.Build.0 = Debug|Any CPU
		{26369D8C-A39B-4CE0-8BC6-F2EE5DEC2B5D}.Release|Any CPU.ActiveCfg = Release|Any CPU
		{26369D8C-A39B-4CE0-8BC6-F2EE5DEC2B5D}.Release|Any CPU.Build.0 = Release|Any CPU
		{4D141F1C-5298-47BE-A108-2A01EDE08D8B}.Debug|Any CPU.ActiveCfg = Debug|Any CPU
		{4D141F1C-5298-47BE-A108-2A01EDE08D8B}.Debug|Any CPU.Build.0 = Debug|Any CPU
		{4D141F1C-5298-47BE-A108-2A01EDE08D8B}.Release|Any CPU.ActiveCfg = Release|Any CPU
		{4D141F1C-5298-47BE-A108-2A01EDE08D8B}.Release|Any CPU.Build.0 = Release|Any CPU
		{F84713D2-7698-48E2-A29B-E61D6C5737ED}.Debug|Any CPU.ActiveCfg = Debug|Any CPU
		{F84713D2-7698-48E2-A29B-E61D6C5737ED}.Debug|Any CPU.Build.0 = Debug|Any CPU
		{F84713D2-7698-48E2-A29B-E61D6C5737ED}.Release|Any CPU.ActiveCfg = Release|Any CPU
		{F84713D2-7698-48E2-A29B-E61D6C5737ED}.Release|Any CPU.Build.0 = Release|Any CPU
		{073B0AA4-1E4B-4C2F-A833-748AEF74B7EB}.Debug|Any CPU.ActiveCfg = Debug|Any CPU
		{073B0AA4-1E4B-4C2F-A833-748AEF74B7EB}.Debug|Any CPU.Build.0 = Debug|Any CPU
		{073B0AA4-1E4B-4C2F-A833-748AEF74B7EB}.Release|Any CPU.ActiveCfg = Release|Any CPU
		{073B0AA4-1E4B-4C2F-A833-748AEF74B7EB}.Release|Any CPU.Build.0 = Release|Any CPU
		{32BE5EB4-AEBA-41B2-AB29-1B7501AAC72B}.Debug|Any CPU.ActiveCfg = Debug|Any CPU
		{32BE5EB4-AEBA-41B2-AB29-1B7501AAC72B}.Debug|Any CPU.Build.0 = Debug|Any CPU
		{32BE5EB4-AEBA-41B2-AB29-1B7501AAC72B}.Release|Any CPU.ActiveCfg = Release|Any CPU
		{32BE5EB4-AEBA-41B2-AB29-1B7501AAC72B}.Release|Any CPU.Build.0 = Release|Any CPU
		{053FB82E-F13B-49DB-83D7-20CFC084488A}.Debug|Any CPU.ActiveCfg = Debug|Any CPU
		{053FB82E-F13B-49DB-83D7-20CFC084488A}.Debug|Any CPU.Build.0 = Debug|Any CPU
		{053FB82E-F13B-49DB-83D7-20CFC084488A}.Release|Any CPU.ActiveCfg = Release|Any CPU
		{053FB82E-F13B-49DB-83D7-20CFC084488A}.Release|Any CPU.Build.0 = Release|Any CPU
		{394BB11E-0296-4582-9CE4-335A846BB45C}.Debug|Any CPU.ActiveCfg = Debug|Any CPU
		{394BB11E-0296-4582-9CE4-335A846BB45C}.Debug|Any CPU.Build.0 = Debug|Any CPU
		{394BB11E-0296-4582-9CE4-335A846BB45C}.Release|Any CPU.ActiveCfg = Release|Any CPU
		{394BB11E-0296-4582-9CE4-335A846BB45C}.Release|Any CPU.Build.0 = Release|Any CPU
		{B469E9FA-E2A1-4B3C-B0E7-DF8F5B7FEFFB}.Debug|Any CPU.ActiveCfg = Debug|Any CPU
		{B469E9FA-E2A1-4B3C-B0E7-DF8F5B7FEFFB}.Debug|Any CPU.Build.0 = Debug|Any CPU
		{B469E9FA-E2A1-4B3C-B0E7-DF8F5B7FEFFB}.Release|Any CPU.ActiveCfg = Release|Any CPU
		{B469E9FA-E2A1-4B3C-B0E7-DF8F5B7FEFFB}.Release|Any CPU.Build.0 = Release|Any CPU
		{954F149A-AC40-435B-BB74-3988443A93DE}.Debug|Any CPU.ActiveCfg = Debug|Any CPU
		{954F149A-AC40-435B-BB74-3988443A93DE}.Debug|Any CPU.Build.0 = Debug|Any CPU
		{954F149A-AC40-435B-BB74-3988443A93DE}.Release|Any CPU.ActiveCfg = Release|Any CPU
		{954F149A-AC40-435B-BB74-3988443A93DE}.Release|Any CPU.Build.0 = Release|Any CPU
	EndGlobalSection
	GlobalSection(SolutionProperties) = preSolution
		HideSolutionNode = FALSE
	EndGlobalSection
	GlobalSection(NestedProjects) = preSolution
		{2147B6EB-52E2-4CE1-A617-E233E8FBF235} = {F8B213B9-AF9F-4F36-9118-42C5C740521F}
		{54F74A37-318C-4E39-B27C-0EE4EBE7AFA8} = {12E23A45-B5C4-4010-AC09-FB3DFAB43DA1}
		{0DFE99D9-FD5B-4D46-A46E-7FC65DC65B4B} = {12E23A45-B5C4-4010-AC09-FB3DFAB43DA1}
		{2D5C7C68-CC28-4F3A-946C-414656CEC847} = {12E23A45-B5C4-4010-AC09-FB3DFAB43DA1}
		{B5141002-2122-4359-B1FB-3AB8CF24B5A3} = {12E23A45-B5C4-4010-AC09-FB3DFAB43DA1}
		{07E21858-81BA-4B79-8AC5-13F4D18A53B6} = {12E23A45-B5C4-4010-AC09-FB3DFAB43DA1}
		{4598B3E1-FA3F-4BE7-B28A-5997A91EC5AD} = {12E23A45-B5C4-4010-AC09-FB3DFAB43DA1}
		{26369D8C-A39B-4CE0-8BC6-F2EE5DEC2B5D} = {12E23A45-B5C4-4010-AC09-FB3DFAB43DA1}
		{4D141F1C-5298-47BE-A108-2A01EDE08D8B} = {12E23A45-B5C4-4010-AC09-FB3DFAB43DA1}
		{F84713D2-7698-48E2-A29B-E61D6C5737ED} = {12E23A45-B5C4-4010-AC09-FB3DFAB43DA1}
		{073B0AA4-1E4B-4C2F-A833-748AEF74B7EB} = {12E23A45-B5C4-4010-AC09-FB3DFAB43DA1}
		{32BE5EB4-AEBA-41B2-AB29-1B7501AAC72B} = {12E23A45-B5C4-4010-AC09-FB3DFAB43DA1}
		{053FB82E-F13B-49DB-83D7-20CFC084488A} = {12E23A45-B5C4-4010-AC09-FB3DFAB43DA1}
		{394BB11E-0296-4582-9CE4-335A846BB45C} = {12E23A45-B5C4-4010-AC09-FB3DFAB43DA1}
		{B469E9FA-E2A1-4B3C-B0E7-DF8F5B7FEFFB} = {12E23A45-B5C4-4010-AC09-FB3DFAB43DA1}
		{954F149A-AC40-435B-BB74-3988443A93DE} = {12E23A45-B5C4-4010-AC09-FB3DFAB43DA1}
	EndGlobalSection
	GlobalSection(ExtensibilityGlobals) = postSolution
		SolutionGuid = {A780802F-17F7-4D0B-9F7B-64E3530617D7}
	EndGlobalSection
EndGlobal
